// !$*UTF8*$!
{
	archiveVersion = 1;
	classes = {
	};
	objectVersion = 46;
	objects = {

/* Begin PBXBuildFile section */
		4F3B0DC81E7B872200D17E59 /* main.m in Sources */ = {isa = PBXBuildFile; fileRef = 4F3B0DC71E7B872200D17E59 /* main.m */; };
		4F3B0DCB1E7B872200D17E59 /* AppDelegate.m in Sources */ = {isa = PBXBuildFile; fileRef = 4F3B0DCA1E7B872200D17E59 /* AppDelegate.m */; };
		4F3B0DCE1E7B872200D17E59 /* ViewController.m in Sources */ = {isa = PBXBuildFile; fileRef = 4F3B0DCD1E7B872200D17E59 /* ViewController.m */; };
		4F3B0DD31E7B872300D17E59 /* Assets.xcassets in Resources */ = {isa = PBXBuildFile; fileRef = 4F3B0DD21E7B872300D17E59 /* Assets.xcassets */; };
		4F3B0DD61E7B872300D17E59 /* LaunchScreen.storyboard in Resources */ = {isa = PBXBuildFile; fileRef = 4F3B0DD41E7B872300D17E59 /* LaunchScreen.storyboard */; };
		4F3B0DDF1E7B877C00D17E59 /* UINavigationController+Transition.m in Sources */ = {isa = PBXBuildFile; fileRef = 4F3B0DDE1E7B877C00D17E59 /* UINavigationController+Transition.m */; };
		4F9604991E82181D00F57693 /* CollectionViewFlowLayout_1.m in Sources */ = {isa = PBXBuildFile; fileRef = 4F9604981E82181D00F57693 /* CollectionViewFlowLayout_1.m */; };
		4F96049F1E82188600F57693 /* CollectionViewController.m in Sources */ = {isa = PBXBuildFile; fileRef = 4F96049E1E82188600F57693 /* CollectionViewController.m */; };
		4F9604A51E823ACF00F57693 /* CYXWaterflowController.m in Sources */ = {isa = PBXBuildFile; fileRef = 4F9604A21E823ACF00F57693 /* CYXWaterflowController.m */; };
		4F9604A61E823ACF00F57693 /* CYXWaterFlowLayout.m in Sources */ = {isa = PBXBuildFile; fileRef = 4F9604A41E823ACF00F57693 /* CYXWaterFlowLayout.m */; };
/* End PBXBuildFile section */

/* Begin PBXFileReference section */
		4F3B0DC31E7B872200D17E59 /* Nav.app */ = {isa = PBXFileReference; explicitFileType = wrapper.application; includeInIndex = 0; path = Nav.app; sourceTree = BUILT_PRODUCTS_DIR; };
		4F3B0DC71E7B872200D17E59 /* main.m */ = {isa = PBXFileReference; lastKnownFileType = sourcecode.c.objc; path = main.m; sourceTree = "<group>"; };
		4F3B0DC91E7B872200D17E59 /* AppDelegate.h */ = {isa = PBXFileReference; lastKnownFileType = sourcecode.c.h; path = AppDelegate.h; sourceTree = "<group>"; };
		4F3B0DCA1E7B872200D17E59 /* AppDelegate.m */ = {isa = PBXFileReference; lastKnownFileType = sourcecode.c.objc; path = AppDelegate.m; sourceTree = "<group>"; };
		4F3B0DCC1E7B872200D17E59 /* ViewController.h */ = {isa = PBXFileReference; lastKnownFileType = sourcecode.c.h; path = ViewController.h; sourceTree = "<group>"; };
		4F3B0DCD1E7B872200D17E59 /* ViewController.m */ = {isa = PBXFileReference; lastKnownFileType = sourcecode.c.objc; path = ViewController.m; sourceTree = "<group>"; };
		4F3B0DD21E7B872300D17E59 /* Assets.xcassets */ = {isa = PBXFileReference; lastKnownFileType = folder.assetcatalog; path = Assets.xcassets; sourceTree = "<group>"; };
		4F3B0DD51E7B872300D17E59 /* Base */ = {isa = PBXFileReference; lastKnownFileType = file.storyboard; name = Base; path = Base.lproj/LaunchScreen.storyboard; sourceTree = "<group>"; };
		4F3B0DD71E7B872300D17E59 /* Info.plist */ = {isa = PBXFileReference; lastKnownFileType = text.plist.xml; path = Info.plist; sourceTree = "<group>"; };
		4F3B0DDD1E7B877C00D17E59 /* UINavigationController+Transition.h */ = {isa = PBXFileReference; fileEncoding = 4; lastKnownFileType = sourcecode.c.h; path = "UINavigationController+Transition.h"; sourceTree = "<group>"; };
		4F3B0DDE1E7B877C00D17E59 /* UINavigationController+Transition.m */ = {isa = PBXFileReference; fileEncoding = 4; lastKnownFileType = sourcecode.c.objc; path = "UINavigationController+Transition.m"; sourceTree = "<group>"; };
		4F9604971E82181D00F57693 /* CollectionViewFlowLayout_1.h */ = {isa = PBXFileReference; fileEncoding = 4; lastKnownFileType = sourcecode.c.h; path = CollectionViewFlowLayout_1.h; sourceTree = "<group>"; };
		4F9604981E82181D00F57693 /* CollectionViewFlowLayout_1.m */ = {isa = PBXFileReference; fileEncoding = 4; lastKnownFileType = sourcecode.c.objc; path = CollectionViewFlowLayout_1.m; sourceTree = "<group>"; };
		4F96049D1E82188600F57693 /* CollectionViewController.h */ = {isa = PBXFileReference; fileEncoding = 4; lastKnownFileType = sourcecode.c.h; path = CollectionViewController.h; sourceTree = "<group>"; };
		4F96049E1E82188600F57693 /* CollectionViewController.m */ = {isa = PBXFileReference; fileEncoding = 4; lastKnownFileType = sourcecode.c.objc; path = CollectionViewController.m; sourceTree = "<group>"; };
		4F9604A01E821AE600F57693 /* Nav.pch */ = {isa = PBXFileReference; lastKnownFileType = sourcecode.c.h; path = Nav.pch; sourceTree = "<group>"; };
		4F9604A11E823ACF00F57693 /* CYXWaterflowController.h */ = {isa = PBXFileReference; fileEncoding = 4; lastKnownFileType = sourcecode.c.h; path = CYXWaterflowController.h; sourceTree = "<group>"; };
		4F9604A21E823ACF00F57693 /* CYXWaterflowController.m */ = {isa = PBXFileReference; fileEncoding = 4; lastKnownFileType = sourcecode.c.objc; path = CYXWaterflowController.m; sourceTree = "<group>"; };
		4F9604A31E823ACF00F57693 /* CYXWaterFlowLayout.h */ = {isa = PBXFileReference; fileEncoding = 4; lastKnownFileType = sourcecode.c.h; path = CYXWaterFlowLayout.h; sourceTree = "<group>"; };
		4F9604A41E823ACF00F57693 /* CYXWaterFlowLayout.m */ = {isa = PBXFileReference; fileEncoding = 4; lastKnownFileType = sourcecode.c.objc; path = CYXWaterFlowLayout.m; sourceTree = "<group>"; };
/* End PBXFileReference section */

/* Begin PBXFrameworksBuildPhase section */
		4F3B0DC01E7B872200D17E59 /* Frameworks */ = {
			isa = PBXFrameworksBuildPhase;
			buildActionMask = 2147483647;
			files = (
			);
			runOnlyForDeploymentPostprocessing = 0;
		};
/* End PBXFrameworksBuildPhase section */

/* Begin PBXGroup section */
		4F3B0DBA1E7B872200D17E59 = {
			isa = PBXGroup;
			children = (
				4F3B0DC51E7B872200D17E59 /* Nav */,
				4F3B0DC41E7B872200D17E59 /* Products */,
			);
			sourceTree = "<group>";
		};
		4F3B0DC41E7B872200D17E59 /* Products */ = {
			isa = PBXGroup;
			children = (
				4F3B0DC31E7B872200D17E59 /* Nav.app */,
			);
			name = Products;
			sourceTree = "<group>";
		};
		4F3B0DC51E7B872200D17E59 /* Nav */ = {
			isa = PBXGroup;
			children = (
				4F9604931E8217D800F57693 /* CollectionView */,
				4F3B0DC91E7B872200D17E59 /* AppDelegate.h */,
				4F3B0DCA1E7B872200D17E59 /* AppDelegate.m */,
				4F3B0DCC1E7B872200D17E59 /* ViewController.h */,
				4F3B0DCD1E7B872200D17E59 /* ViewController.m */,
				4F3B0DDD1E7B877C00D17E59 /* UINavigationController+Transition.h */,
				4F3B0DDE1E7B877C00D17E59 /* UINavigationController+Transition.m */,
				4F3B0DD21E7B872300D17E59 /* Assets.xcassets */,
				4F3B0DD41E7B872300D17E59 /* LaunchScreen.storyboard */,
				4F3B0DD71E7B872300D17E59 /* Info.plist */,
				4F9604A01E821AE600F57693 /* Nav.pch */,
				4F3B0DC61E7B872200D17E59 /* Supporting Files */,
			);
			path = Nav;
			sourceTree = "<group>";
		};
		4F3B0DC61E7B872200D17E59 /* Supporting Files */ = {
			isa = PBXGroup;
			children = (
				4F3B0DC71E7B872200D17E59 /* main.m */,
			);
			name = "Supporting Files";
			sourceTree = "<group>";
		};
		4F9604931E8217D800F57693 /* CollectionView */ = {
			isa = PBXGroup;
			children = (
				4F9604971E82181D00F57693 /* CollectionViewFlowLayout_1.h */,
				4F9604981E82181D00F57693 /* CollectionViewFlowLayout_1.m */,
				4F96049D1E82188600F57693 /* CollectionViewController.h */,
				4F96049E1E82188600F57693 /* CollectionViewController.m */,
				4F9604A11E823ACF00F57693 /* CYXWaterflowController.h */,
				4F9604A21E823ACF00F57693 /* CYXWaterflowController.m */,
				4F9604A31E823ACF00F57693 /* CYXWaterFlowLayout.h */,
				4F9604A41E823ACF00F57693 /* CYXWaterFlowLayout.m */,
			);
			path = CollectionView;
			sourceTree = "<group>";
		};
/* End PBXGroup section */

/* Begin PBXNativeTarget section */
		4F3B0DC21E7B872200D17E59 /* Nav */ = {
			isa = PBXNativeTarget;
			buildConfigurationList = 4F3B0DDA1E7B872300D17E59 /* Build configuration list for PBXNativeTarget "Nav" */;
			buildPhases = (
				4F3B0DBF1E7B872200D17E59 /* Sources */,
				4F3B0DC01E7B872200D17E59 /* Frameworks */,
				4F3B0DC11E7B872200D17E59 /* Resources */,
			);
			buildRules = (
			);
			dependencies = (
			);
			name = Nav;
			productName = Nav;
			productReference = 4F3B0DC31E7B872200D17E59 /* Nav.app */;
			productType = "com.apple.product-type.application";
		};
/* End PBXNativeTarget section */

/* Begin PBXProject section */
		4F3B0DBB1E7B872200D17E59 /* Project object */ = {
			isa = PBXProject;
			attributes = {
				LastUpgradeCheck = 0820;
				ORGANIZATIONNAME = "___jb___";
				TargetAttributes = {
					4F3B0DC21E7B872200D17E59 = {
						CreatedOnToolsVersion = 8.2.1;
						DevelopmentTeam = XYE5S97B94;
						ProvisioningStyle = Automatic;
					};
				};
			};
			buildConfigurationList = 4F3B0DBE1E7B872200D17E59 /* Build configuration list for PBXProject "Nav" */;
			compatibilityVersion = "Xcode 3.2";
			developmentRegion = English;
			hasScannedForEncodings = 0;
			knownRegions = (
				en,
				Base,
			);
			mainGroup = 4F3B0DBA1E7B872200D17E59;
			productRefGroup = 4F3B0DC41E7B872200D17E59 /* Products */;
			projectDirPath = "";
			projectRoot = "";
			targets = (
				4F3B0DC21E7B872200D17E59 /* Nav */,
			);
		};
/* End PBXProject section */

/* Begin PBXResourcesBuildPhase section */
		4F3B0DC11E7B872200D17E59 /* Resources */ = {
			isa = PBXResourcesBuildPhase;
			buildActionMask = 2147483647;
			files = (
				4F3B0DD61E7B872300D17E59 /* LaunchScreen.storyboard in Resources */,
				4F3B0DD31E7B872300D17E59 /* Assets.xcassets in Resources */,
			);
			runOnlyForDeploymentPostprocessing = 0;
		};
/* End PBXResourcesBuildPhase section */

/* Begin PBXSourcesBuildPhase section */
		4F3B0DBF1E7B872200D17E59 /* Sources */ = {
			isa = PBXSourcesBuildPhase;
			buildActionMask = 2147483647;
			files = (
				4F9604991E82181D00F57693 /* CollectionViewFlowLayout_1.m in Sources */,
				4F9604A51E823ACF00F57693 /* CYXWaterflowController.m in Sources */,
				4F3B0DCE1E7B872200D17E59 /* ViewController.m in Sources */,
				4F96049F1E82188600F57693 /* CollectionViewController.m in Sources */,
				4F9604A61E823ACF00F57693 /* CYXWaterFlowLayout.m in Sources */,
				4F3B0DCB1E7B872200D17E59 /* AppDelegate.m in Sources */,
				4F3B0DDF1E7B877C00D17E59 /* UINavigationController+Transition.m in Sources */,
				4F3B0DC81E7B872200D17E59 /* main.m in Sources */,
			);
			runOnlyForDeploymentPostprocessing = 0;
		};
/* End PBXSourcesBuildPhase section */

/* Begin PBXVariantGroup section */
		4F3B0DD41E7B872300D17E59 /* LaunchScreen.storyboard */ = {
			isa = PBXVariantGroup;
			children = (
				4F3B0DD51E7B872300D17E59 /* Base */,
			);
			name = LaunchScreen.storyboard;
			sourceTree = "<group>";
		};
/* End PBXVariantGroup section */

/* Begin XCBuildConfiguration section */
		4F3B0DD81E7B872300D17E59 /* Debug */ = {
			isa = XCBuildConfiguration;
			buildSettings = {
				ALWAYS_SEARCH_USER_PATHS = NO;
				CLANG_ANALYZER_NONNULL = YES;
				CLANG_CXX_LANGUAGE_STANDARD = "gnu++0x";
				CLANG_CXX_LIBRARY = "libc++";
				CLANG_ENABLE_MODULES = YES;
				CLANG_ENABLE_OBJC_ARC = YES;
				CLANG_WARN_BOOL_CONVERSION = YES;
				CLANG_WARN_CONSTANT_CONVERSION = YES;
				CLANG_WARN_DIRECT_OBJC_ISA_USAGE = YES_ERROR;
				CLANG_WARN_DOCUMENTATION_COMMENTS = YES;
				CLANG_WARN_EMPTY_BODY = YES;
				CLANG_WARN_ENUM_CONVERSION = YES;
				CLANG_WARN_INFINITE_RECURSION = YES;
				CLANG_WARN_INT_CONVERSION = YES;
				CLANG_WARN_OBJC_ROOT_CLASS = YES_ERROR;
				CLANG_WARN_SUSPICIOUS_MOVE = YES;
				CLANG_WARN_UNREACHABLE_CODE = YES;
				CLANG_WARN__DUPLICATE_METHOD_MATCH = YES;
				"CODE_SIGN_IDENTITY[sdk=iphoneos*]" = "iPhone Developer";
				COPY_PHASE_STRIP = NO;
				DEBUG_INFORMATION_FORMAT = dwarf;
				ENABLE_STRICT_OBJC_MSGSEND = YES;
				ENABLE_TESTABILITY = YES;
				GCC_C_LANGUAGE_STANDARD = gnu99;
				GCC_DYNAMIC_NO_PIC = NO;
				GCC_NO_COMMON_BLOCKS = YES;
				GCC_OPTIMIZATION_LEVEL = 0;
				GCC_PREPROCESSOR_DEFINITIONS = (
					"DEBUG=1",
					"$(inherited)",
				);
				GCC_WARN_64_TO_32_BIT_CONVERSION = YES;
				GCC_WARN_ABOUT_RETURN_TYPE = YES_ERROR;
				GCC_WARN_UNDECLARED_SELECTOR = YES;
				GCC_WARN_UNINITIALIZED_AUTOS = YES_AGGRESSIVE;
				GCC_WARN_UNUSED_FUNCTION = YES;
				GCC_WARN_UNUSED_VARIABLE = YES;
				IPHONEOS_DEPLOYMENT_TARGET = 10.2;
				MTL_ENABLE_DEBUG_INFO = YES;
				ONLY_ACTIVE_ARCH = YES;
				SDKROOT = iphoneos;
			};
			name = Debug;
		};
		4F3B0DD91E7B872300D17E59 /* Release */ = {
			isa = XCBuildConfiguration;
			buildSettings = {
				ALWAYS_SEARCH_USER_PATHS = NO;
				CLANG_ANALYZER_NONNULL = YES;
				CLANG_CXX_LANGUAGE_STANDARD = "gnu++0x";
				CLANG_CXX_LIBRARY = "libc++";
				CLANG_ENABLE_MODULES = YES;
				CLANG_ENABLE_OBJC_ARC = YES;
				CLANG_WARN_BOOL_CONVERSION = YES;
				CLANG_WARN_CONSTANT_CONVERSION = YES;
				CLANG_WARN_DIRECT_OBJC_ISA_USAGE = YES_ERROR;
				CLANG_WARN_DOCUMENTATION_COMMENTS = YES;
				CLANG_WARN_EMPTY_BODY = YES;
				CLANG_WARN_ENUM_CONVERSION = YES;
				CLANG_WARN_INFINITE_RECURSION = YES;
				CLANG_WARN_INT_CONVERSION = YES;
				CLANG_WARN_OBJC_ROOT_CLASS = YES_ERROR;
				CLANG_WARN_SUSPICIOUS_MOVE = YES;
				CLANG_WARN_UNREACHABLE_CODE = YES;
				CLANG_WARN__DUPLICATE_METHOD_MATCH = YES;
				"CODE_SIGN_IDENTITY[sdk=iphoneos*]" = "iPhone Developer";
				COPY_PHASE_STRIP = NO;
				DEBUG_INFORMATION_FORMAT = "dwarf-with-dsym";
				ENABLE_NS_ASSERTIONS = NO;
				ENABLE_STRICT_OBJC_MSGSEND = YES;
				GCC_C_LANGUAGE_STANDARD = gnu99;
				GCC_NO_COMMON_BLOCKS = YES;
				GCC_WARN_64_TO_32_BIT_CONVERSION = YES;
				GCC_WARN_ABOUT_RETURN_TYPE = YES_ERROR;
				GCC_WARN_UNDECLARED_SELECTOR = YES;
				GCC_WARN_UNINITIALIZED_AUTOS = YES_AGGRESSIVE;
				GCC_WARN_UNUSED_FUNCTION = YES;
				GCC_WARN_UNUSED_VARIABLE = YES;
				IPHONEOS_DEPLOYMENT_TARGET = 10.2;
				MTL_ENABLE_DEBUG_INFO = NO;
				SDKROOT = iphoneos;
				VALIDATE_PRODUCT = YES;
			};
			name = Release;
		};
		4F3B0DDB1E7B872300D17E59 /* Debug */ = {
			isa = XCBuildConfiguration;
			buildSettings = {
				ASSETCATALOG_COMPILER_APPICON_NAME = AppIcon;
				DEVELOPMENT_TEAM = XYE5S97B94;
				GCC_PRECOMPILE_PREFIX_HEADER = YES;
				GCC_PREFIX_HEADER = Nav/Nav.pch;
				INFOPLIST_FILE = Nav/Info.plist;
				IPHONEOS_DEPLOYMENT_TARGET = 8.0;
				LD_RUNPATH_SEARCH_PATHS = "$(inherited) @executable_path/Frameworks";
				PRODUCT_BUNDLE_IDENTIFIER = jb.Nav;
				PRODUCT_NAME = "$(TARGET_NAME)";
			};
			name = Debug;
		};
		4F3B0DDC1E7B872300D17E59 /* Release */ = {
			isa = XCBuildConfiguration;
			buildSettings = {
				ASSETCATALOG_COMPILER_APPICON_NAME = AppIcon;
				DEVELOPMENT_TEAM = XYE5S97B94;
				GCC_PRECOMPILE_PREFIX_HEADER = YES;
				GCC_PREFIX_HEADER = Nav/Nav.pch;
				INFOPLIST_FILE = Nav/Info.plist;
				IPHONEOS_DEPLOYMENT_TARGET = 8.0;
				LD_RUNPATH_SEARCH_PATHS = "$(inherited) @executable_path/Frameworks";
				PRODUCT_BUNDLE_IDENTIFIER = jb.Nav;
				PRODUCT_NAME = "$(TARGET_NAME)";
			};
			name = Release;
		};
/* End XCBuildConfiguration section */

/* Begin XCConfigurationList section */
		4F3B0DBE1E7B872200D17E59 /* Build configuration list for PBXProject "Nav" */ = {
			isa = XCConfigurationList;
			buildConfigurations = (
				4F3B0DD81E7B872300D17E59 /* Debug */,
				4F3B0DD91E7B872300D17E59 /* Release */,
			);
			defaultConfigurationIsVisible = 0;
			defaultConfigurationName = Release;
		};
		4F3B0DDA1E7B872300D17E59 /* Build configuration list for PBXNativeTarget "Nav" */ = {
			isa = XCConfigurationList;
			buildConfigurations = (
				4F3B0DDB1E7B872300D17E59 /* Debug */,
				4F3B0DDC1E7B872300D17E59 /* Release */,
			);
			defaultConfigurationIsVisible = 0;
			defaultConfigurationName = Release;
		};
/* End XCConfigurationList section */
	};
	rootObject = 4F3B0DBB1E7B872200D17E59 /* Project object */;
}
